// !$*UTF8*$!
{
	archiveVersion = 1;
	classes = {
	};
	objectVersion = 56;
	objects = {

/* Begin PBXBuildFile section */
		4A2533D12A53043C00CDDE72 /* Notifications.swift in Sources */ = {isa = PBXBuildFile; fileRef = 4A2533D02A53043C00CDDE72 /* Notifications.swift */; };
		4A2533D52A61909900CDDE72 /* ButtonBackgroundView.swift in Sources */ = {isa = PBXBuildFile; fileRef = 4A2533D42A61909900CDDE72 /* ButtonBackgroundView.swift */; };
		4A2533D72A61953B00CDDE72 /* SFPro-Bold.otf in Resources */ = {isa = PBXBuildFile; fileRef = 4A2533D62A61953B00CDDE72 /* SFPro-Bold.otf */; };
		4A294E192A4B2886006CF524 /* DateCalculatorService.swift in Sources */ = {isa = PBXBuildFile; fileRef = 4A294E182A4B2886006CF524 /* DateCalculatorService.swift */; };
		4A294E1B2A4C7E5F006CF524 /* Date+Extention.swift in Sources */ = {isa = PBXBuildFile; fileRef = 4A294E1A2A4C7E5F006CF524 /* Date+Extention.swift */; };
		4A59F39C2A41C10D00C51F82 /* SettingsView.swift in Sources */ = {isa = PBXBuildFile; fileRef = 4A59F39B2A41C10D00C51F82 /* SettingsView.swift */; };
		4A59F39F2A41EF8700C51F82 /* NotificationSettings.swift in Sources */ = {isa = PBXBuildFile; fileRef = 4A59F39E2A41EF8700C51F82 /* NotificationSettings.swift */; };
		4A59F3A12A42EBE000C51F82 /* NotificationModel.swift in Sources */ = {isa = PBXBuildFile; fileRef = 4A59F3A02A42EBE000C51F82 /* NotificationModel.swift */; };
		4A59F3A42A431CAD00C51F82 /* DividerLineView.swift in Sources */ = {isa = PBXBuildFile; fileRef = 4A59F3A32A431CAD00C51F82 /* DividerLineView.swift */; };
		4A59F3A72A431CCE00C51F82 /* BackgroundView.swift in Sources */ = {isa = PBXBuildFile; fileRef = 4A59F3A62A431CCE00C51F82 /* BackgroundView.swift */; };
		4A59F3A92A444BC000C51F82 /* NotificationSettingsViewModel.swift in Sources */ = {isa = PBXBuildFile; fileRef = 4A59F3A82A444BC000C51F82 /* NotificationSettingsViewModel.swift */; };
		4A5FAB862A61BAF7005ECFFF /* DonationView.swift in Sources */ = {isa = PBXBuildFile; fileRef = 4A5FAB852A61BAF7005ECFFF /* DonationView.swift */; };
		4A5FAB882A61BFBC005ECFFF /* NavigationHeaderView.swift in Sources */ = {isa = PBXBuildFile; fileRef = 4A5FAB872A61BFBC005ECFFF /* NavigationHeaderView.swift */; };
		4A5FAB8A2A659F22005ECFFF /* Reddy Simple Periods Tracker.storekit in Resources */ = {isa = PBXBuildFile; fileRef = 4A5FAB892A659F22005ECFFF /* Reddy Simple Periods Tracker.storekit */; };
		4A5FAB8C2A659FA5005ECFFF /* Test Reddy Store.storekit in Resources */ = {isa = PBXBuildFile; fileRef = 4A5FAB8B2A659FA5005ECFFF /* Test Reddy Store.storekit */; };
		4A5FAB8E2A65B9D3005ECFFF /* DonationViewModel.swift in Sources */ = {isa = PBXBuildFile; fileRef = 4A5FAB8D2A65B9D3005ECFFF /* DonationViewModel.swift */; };
		4A5FAB902A65BBBC005ECFFF /* StoreKitTestCertificate.cer in Resources */ = {isa = PBXBuildFile; fileRef = 4A5FAB8F2A65BBBC005ECFFF /* StoreKitTestCertificate.cer */; };
		4A5FAB992A715B83005ECFFF /* MyPeriodsTrackerTests.swift in Sources */ = {isa = PBXBuildFile; fileRef = 4A5FAB982A715B83005ECFFF /* MyPeriodsTrackerTests.swift */; };
		4A5FABA62A77D7CB005ECFFF /* WidgetKit.framework in Frameworks */ = {isa = PBXBuildFile; fileRef = 4A5FABA52A77D7CB005ECFFF /* WidgetKit.framework */; };
		4A5FABA82A77D7CB005ECFFF /* SwiftUI.framework in Frameworks */ = {isa = PBXBuildFile; fileRef = 4A5FABA72A77D7CB005ECFFF /* SwiftUI.framework */; };
		4A5FABAB2A77D7CB005ECFFF /* MyPeriodTrackerWidgetBundle.swift in Sources */ = {isa = PBXBuildFile; fileRef = 4A5FABAA2A77D7CB005ECFFF /* MyPeriodTrackerWidgetBundle.swift */; };
		4A5FABAD2A77D7CB005ECFFF /* MyPeriodTrackerWidget.swift in Sources */ = {isa = PBXBuildFile; fileRef = 4A5FABAC2A77D7CB005ECFFF /* MyPeriodTrackerWidget.swift */; };
		4A5FABAF2A77D7CD005ECFFF /* Assets.xcassets in Resources */ = {isa = PBXBuildFile; fileRef = 4A5FABAE2A77D7CD005ECFFF /* Assets.xcassets */; };
		4A5FABB32A77D7CD005ECFFF /* MyPeriodTrackerWidgetExtension.appex in Embed Foundation Extensions */ = {isa = PBXBuildFile; fileRef = 4A5FABA32A77D7CB005ECFFF /* MyPeriodTrackerWidgetExtension.appex */; settings = {ATTRIBUTES = (RemoveHeadersOnCopy, ); }; };
		4A5FABB92A77D820005ECFFF /* DateFormatter+Extention.swift in Sources */ = {isa = PBXBuildFile; fileRef = 4AFECFB52A336ACD004880A9 /* DateFormatter+Extention.swift */; };
		4A5FABBA2A77D824005ECFFF /* Font+Extention.swift in Sources */ = {isa = PBXBuildFile; fileRef = 4AFECFBA2A3371FE004880A9 /* Font+Extention.swift */; };
		4A5FABBB2A77D828005ECFFF /* String+Extention.swift in Sources */ = {isa = PBXBuildFile; fileRef = 4AFECFCD2A33935A004880A9 /* String+Extention.swift */; };
		4A5FABBC2A77D82C005ECFFF /* Date+Extention.swift in Sources */ = {isa = PBXBuildFile; fileRef = 4A294E1A2A4C7E5F006CF524 /* Date+Extention.swift */; };
		4A5FABBD2A77DB6F005ECFFF /* MainPeriodModel.swift in Sources */ = {isa = PBXBuildFile; fileRef = 4AFECFD32A346881004880A9 /* MainPeriodModel.swift */; };
		4A5FABBE2A77DB74005ECFFF /* DateCalculatorService.swift in Sources */ = {isa = PBXBuildFile; fileRef = 4A294E182A4B2886006CF524 /* DateCalculatorService.swift */; };
		4A5FABC02A7C16B5005ECFFF /* UserProfileService.swift in Sources */ = {isa = PBXBuildFile; fileRef = 4A5FABBF2A7C16B5005ECFFF /* UserProfileService.swift */; };
		4A5FABC22A7D3778005ECFFF /* UserProfileService.swift in Sources */ = {isa = PBXBuildFile; fileRef = 4A5FABBF2A7C16B5005ECFFF /* UserProfileService.swift */; };
		4A5FABC62A81329E005ECFFF /* MyPeriodTrackerWidgetMediumView.swift in Sources */ = {isa = PBXBuildFile; fileRef = 4A5FABC42A81329B005ECFFF /* MyPeriodTrackerWidgetMediumView.swift */; };
		4A5FABC82A8132C7005ECFFF /* MyPeriodTrackerWidgetSmallView.swift in Sources */ = {isa = PBXBuildFile; fileRef = 4A5FABC72A8132C7005ECFFF /* MyPeriodTrackerWidgetSmallView.swift */; };
		4A5FABCA2A814B14005ECFFF /* DaysView.swift in Sources */ = {isa = PBXBuildFile; fileRef = 4A5FABC92A814B14005ECFFF /* DaysView.swift */; };
		4A5FABCB2A814B14005ECFFF /* DaysView.swift in Sources */ = {isa = PBXBuildFile; fileRef = 4A5FABC92A814B14005ECFFF /* DaysView.swift */; };
		4A5FABCC2A8150A2005ECFFF /* SFPro-Bold.otf in Resources */ = {isa = PBXBuildFile; fileRef = 4A2533D62A61953B00CDDE72 /* SFPro-Bold.otf */; };
		4A5FABCD2A8150A5005ECFFF /* SFPro-Regular.otf in Resources */ = {isa = PBXBuildFile; fileRef = 4AFECFC82A338B12004880A9 /* SFPro-Regular.otf */; };
		4A5FABCE2A8150A8005ECFFF /* SFPro-Ultralight.otf in Resources */ = {isa = PBXBuildFile; fileRef = 4AFECFC92A338B12004880A9 /* SFPro-Ultralight.otf */; };
		4A5FABCF2A8150AE005ECFFF /* Localizable.strings in Resources */ = {isa = PBXBuildFile; fileRef = 4AFECFC42A33846C004880A9 /* Localizable.strings */; };
		4A5FABD02A8150B1005ECFFF /* Localizable.stringsdict in Resources */ = {isa = PBXBuildFile; fileRef = 4AFECFDB2A348671004880A9 /* Localizable.stringsdict */; };
		4A5FABD12A81512F005ECFFF /* BackgroundView.swift in Sources */ = {isa = PBXBuildFile; fileRef = 4A59F3A62A431CCE00C51F82 /* BackgroundView.swift */; };
		4A5FABD22A815DC5005ECFFF /* DividerLineView.swift in Sources */ = {isa = PBXBuildFile; fileRef = 4A59F3A32A431CAD00C51F82 /* DividerLineView.swift */; };
		4AFECFA82A3365D7004880A9 /* MyPeriodsTrackerApp.swift in Sources */ = {isa = PBXBuildFile; fileRef = 4AFECFA72A3365D7004880A9 /* MyPeriodsTrackerApp.swift */; };
		4AFECFAA2A3365D7004880A9 /* MainPeriodsView.swift in Sources */ = {isa = PBXBuildFile; fileRef = 4AFECFA92A3365D7004880A9 /* MainPeriodsView.swift */; };
		4AFECFAC2A3365D8004880A9 /* Assets.xcassets in Resources */ = {isa = PBXBuildFile; fileRef = 4AFECFAB2A3365D8004880A9 /* Assets.xcassets */; };
		4AFECFAF2A3365D8004880A9 /* Preview Assets.xcassets in Resources */ = {isa = PBXBuildFile; fileRef = 4AFECFAE2A3365D8004880A9 /* Preview Assets.xcassets */; };
		4AFECFB62A336ACD004880A9 /* DateFormatter+Extention.swift in Sources */ = {isa = PBXBuildFile; fileRef = 4AFECFB52A336ACD004880A9 /* DateFormatter+Extention.swift */; };
		4AFECFBB2A3371FE004880A9 /* Font+Extention.swift in Sources */ = {isa = PBXBuildFile; fileRef = 4AFECFBA2A3371FE004880A9 /* Font+Extention.swift */; };
		4AFECFC22A33846C004880A9 /* Localizable.strings in Resources */ = {isa = PBXBuildFile; fileRef = 4AFECFC42A33846C004880A9 /* Localizable.strings */; };
		4AFECFCA2A338B12004880A9 /* SFPro-Regular.otf in Resources */ = {isa = PBXBuildFile; fileRef = 4AFECFC82A338B12004880A9 /* SFPro-Regular.otf */; };
		4AFECFCB2A338B12004880A9 /* SFPro-Ultralight.otf in Resources */ = {isa = PBXBuildFile; fileRef = 4AFECFC92A338B12004880A9 /* SFPro-Ultralight.otf */; };
		4AFECFCE2A33935A004880A9 /* String+Extention.swift in Sources */ = {isa = PBXBuildFile; fileRef = 4AFECFCD2A33935A004880A9 /* String+Extention.swift */; };
		4AFECFD42A346881004880A9 /* MainPeriodModel.swift in Sources */ = {isa = PBXBuildFile; fileRef = 4AFECFD32A346881004880A9 /* MainPeriodModel.swift */; };
		4AFECFD62A347754004880A9 /* MainPeriodsViewModel.swift in Sources */ = {isa = PBXBuildFile; fileRef = 4AFECFD52A347754004880A9 /* MainPeriodsViewModel.swift */; };
		4AFECFD92A348671004880A9 /* Localizable.stringsdict in Resources */ = {isa = PBXBuildFile; fileRef = 4AFECFDB2A348671004880A9 /* Localizable.stringsdict */; };
/* End PBXBuildFile section */

/* Begin PBXContainerItemProxy section */
		4A5FAB9A2A715B83005ECFFF /* PBXContainerItemProxy */ = {
			isa = PBXContainerItemProxy;
			containerPortal = 4AFECF9C2A3365D7004880A9 /* Project object */;
			proxyType = 1;
			remoteGlobalIDString = 4AFECFA32A3365D7004880A9;
			remoteInfo = MyPeriodsTracker;
		};
		4A5FABB12A77D7CD005ECFFF /* PBXContainerItemProxy */ = {
			isa = PBXContainerItemProxy;
			containerPortal = 4AFECF9C2A3365D7004880A9 /* Project object */;
			proxyType = 1;
			remoteGlobalIDString = 4A5FABA22A77D7CB005ECFFF;
			remoteInfo = MyPeriodTrackerWidgetExtension;
		};
/* End PBXContainerItemProxy section */

/* Begin PBXCopyFilesBuildPhase section */
		4A5FABB72A77D7CD005ECFFF /* Embed Foundation Extensions */ = {
			isa = PBXCopyFilesBuildPhase;
			buildActionMask = 2147483647;
			dstPath = "";
			dstSubfolderSpec = 13;
			files = (
				4A5FABB32A77D7CD005ECFFF /* MyPeriodTrackerWidgetExtension.appex in Embed Foundation Extensions */,
			);
			name = "Embed Foundation Extensions";
			runOnlyForDeploymentPostprocessing = 0;
		};
/* End PBXCopyFilesBuildPhase section */

/* Begin PBXFileReference section */
		4A2533D02A53043C00CDDE72 /* Notifications.swift */ = {isa = PBXFileReference; lastKnownFileType = sourcecode.swift; path = Notifications.swift; sourceTree = "<group>"; };
		4A2533D42A61909900CDDE72 /* ButtonBackgroundView.swift */ = {isa = PBXFileReference; lastKnownFileType = sourcecode.swift; path = ButtonBackgroundView.swift; sourceTree = "<group>"; };
		4A2533D62A61953B00CDDE72 /* SFPro-Bold.otf */ = {isa = PBXFileReference; lastKnownFileType = file; path = "SFPro-Bold.otf"; sourceTree = "<group>"; };
		4A294E182A4B2886006CF524 /* DateCalculatorService.swift */ = {isa = PBXFileReference; lastKnownFileType = sourcecode.swift; path = DateCalculatorService.swift; sourceTree = "<group>"; };
		4A294E1A2A4C7E5F006CF524 /* Date+Extention.swift */ = {isa = PBXFileReference; lastKnownFileType = sourcecode.swift; path = "Date+Extention.swift"; sourceTree = "<group>"; };
		4A59F39B2A41C10D00C51F82 /* SettingsView.swift */ = {isa = PBXFileReference; lastKnownFileType = sourcecode.swift; path = SettingsView.swift; sourceTree = "<group>"; };
		4A59F39E2A41EF8700C51F82 /* NotificationSettings.swift */ = {isa = PBXFileReference; lastKnownFileType = sourcecode.swift; path = NotificationSettings.swift; sourceTree = "<group>"; };
		4A59F3A02A42EBE000C51F82 /* NotificationModel.swift */ = {isa = PBXFileReference; lastKnownFileType = sourcecode.swift; path = NotificationModel.swift; sourceTree = "<group>"; };
		4A59F3A32A431CAD00C51F82 /* DividerLineView.swift */ = {isa = PBXFileReference; lastKnownFileType = sourcecode.swift; path = DividerLineView.swift; sourceTree = "<group>"; };
		4A59F3A62A431CCE00C51F82 /* BackgroundView.swift */ = {isa = PBXFileReference; lastKnownFileType = sourcecode.swift; path = BackgroundView.swift; sourceTree = "<group>"; };
		4A59F3A82A444BC000C51F82 /* NotificationSettingsViewModel.swift */ = {isa = PBXFileReference; lastKnownFileType = sourcecode.swift; path = NotificationSettingsViewModel.swift; sourceTree = "<group>"; };
		4A5FAB852A61BAF7005ECFFF /* DonationView.swift */ = {isa = PBXFileReference; lastKnownFileType = sourcecode.swift; path = DonationView.swift; sourceTree = "<group>"; };
		4A5FAB872A61BFBC005ECFFF /* NavigationHeaderView.swift */ = {isa = PBXFileReference; lastKnownFileType = sourcecode.swift; path = NavigationHeaderView.swift; sourceTree = "<group>"; };
		4A5FAB892A659F22005ECFFF /* Reddy Simple Periods Tracker.storekit */ = {isa = PBXFileReference; lastKnownFileType = text; path = "Reddy Simple Periods Tracker.storekit"; sourceTree = "<group>"; };
		4A5FAB8B2A659FA5005ECFFF /* Test Reddy Store.storekit */ = {isa = PBXFileReference; lastKnownFileType = text; path = "Test Reddy Store.storekit"; sourceTree = "<group>"; };
		4A5FAB8D2A65B9D3005ECFFF /* DonationViewModel.swift */ = {isa = PBXFileReference; lastKnownFileType = sourcecode.swift; path = DonationViewModel.swift; sourceTree = "<group>"; };
		4A5FAB8F2A65BBBC005ECFFF /* StoreKitTestCertificate.cer */ = {isa = PBXFileReference; lastKnownFileType = file; path = StoreKitTestCertificate.cer; sourceTree = "<group>"; };
		4A5FAB962A715B83005ECFFF /* MyPeriodsTrackerTests.xctest */ = {isa = PBXFileReference; explicitFileType = wrapper.cfbundle; includeInIndex = 0; path = MyPeriodsTrackerTests.xctest; sourceTree = BUILT_PRODUCTS_DIR; };
		4A5FAB982A715B83005ECFFF /* MyPeriodsTrackerTests.swift */ = {isa = PBXFileReference; lastKnownFileType = sourcecode.swift; path = MyPeriodsTrackerTests.swift; sourceTree = "<group>"; };
		4A5FABA32A77D7CB005ECFFF /* MyPeriodTrackerWidgetExtension.appex */ = {isa = PBXFileReference; explicitFileType = "wrapper.app-extension"; includeInIndex = 0; path = MyPeriodTrackerWidgetExtension.appex; sourceTree = BUILT_PRODUCTS_DIR; };
		4A5FABA52A77D7CB005ECFFF /* WidgetKit.framework */ = {isa = PBXFileReference; lastKnownFileType = wrapper.framework; name = WidgetKit.framework; path = System/Library/Frameworks/WidgetKit.framework; sourceTree = SDKROOT; };
		4A5FABA72A77D7CB005ECFFF /* SwiftUI.framework */ = {isa = PBXFileReference; lastKnownFileType = wrapper.framework; name = SwiftUI.framework; path = System/Library/Frameworks/SwiftUI.framework; sourceTree = SDKROOT; };
		4A5FABAA2A77D7CB005ECFFF /* MyPeriodTrackerWidgetBundle.swift */ = {isa = PBXFileReference; lastKnownFileType = sourcecode.swift; path = MyPeriodTrackerWidgetBundle.swift; sourceTree = "<group>"; };
		4A5FABAC2A77D7CB005ECFFF /* MyPeriodTrackerWidget.swift */ = {isa = PBXFileReference; lastKnownFileType = sourcecode.swift; path = MyPeriodTrackerWidget.swift; sourceTree = "<group>"; };
		4A5FABAE2A77D7CD005ECFFF /* Assets.xcassets */ = {isa = PBXFileReference; lastKnownFileType = folder.assetcatalog; path = Assets.xcassets; sourceTree = "<group>"; };
		4A5FABB02A77D7CD005ECFFF /* Info.plist */ = {isa = PBXFileReference; lastKnownFileType = text.plist.xml; path = Info.plist; sourceTree = "<group>"; };
		4A5FABBF2A7C16B5005ECFFF /* UserProfileService.swift */ = {isa = PBXFileReference; lastKnownFileType = sourcecode.swift; path = UserProfileService.swift; sourceTree = "<group>"; };
		4A5FABC12A7D21E9005ECFFF /* MyPeriodsTracker.entitlements */ = {isa = PBXFileReference; lastKnownFileType = text.plist.entitlements; path = MyPeriodsTracker.entitlements; sourceTree = "<group>"; };
		4A5FABC42A81329B005ECFFF /* MyPeriodTrackerWidgetMediumView.swift */ = {isa = PBXFileReference; lastKnownFileType = sourcecode.swift; path = MyPeriodTrackerWidgetMediumView.swift; sourceTree = "<group>"; };
		4A5FABC72A8132C7005ECFFF /* MyPeriodTrackerWidgetSmallView.swift */ = {isa = PBXFileReference; lastKnownFileType = sourcecode.swift; path = MyPeriodTrackerWidgetSmallView.swift; sourceTree = "<group>"; };
		4A5FABC92A814B14005ECFFF /* DaysView.swift */ = {isa = PBXFileReference; lastKnownFileType = sourcecode.swift; path = DaysView.swift; sourceTree = "<group>"; };
		4A5FABD32A819DCF005ECFFF /* MyPeriodTrackerWidgetExtension.entitlements */ = {isa = PBXFileReference; lastKnownFileType = text.plist.entitlements; path = MyPeriodTrackerWidgetExtension.entitlements; sourceTree = "<group>"; };
		4AFECFA42A3365D7004880A9 /* MyPeriodsTracker.app */ = {isa = PBXFileReference; explicitFileType = wrapper.application; includeInIndex = 0; path = MyPeriodsTracker.app; sourceTree = BUILT_PRODUCTS_DIR; };
		4AFECFA72A3365D7004880A9 /* MyPeriodsTrackerApp.swift */ = {isa = PBXFileReference; lastKnownFileType = sourcecode.swift; path = MyPeriodsTrackerApp.swift; sourceTree = "<group>"; };
		4AFECFA92A3365D7004880A9 /* MainPeriodsView.swift */ = {isa = PBXFileReference; lastKnownFileType = sourcecode.swift; path = MainPeriodsView.swift; sourceTree = "<group>"; };
		4AFECFAB2A3365D8004880A9 /* Assets.xcassets */ = {isa = PBXFileReference; lastKnownFileType = folder.assetcatalog; path = Assets.xcassets; sourceTree = "<group>"; };
		4AFECFAE2A3365D8004880A9 /* Preview Assets.xcassets */ = {isa = PBXFileReference; lastKnownFileType = folder.assetcatalog; path = "Preview Assets.xcassets"; sourceTree = "<group>"; };
		4AFECFB52A336ACD004880A9 /* DateFormatter+Extention.swift */ = {isa = PBXFileReference; lastKnownFileType = sourcecode.swift; path = "DateFormatter+Extention.swift"; sourceTree = "<group>"; };
		4AFECFBA2A3371FE004880A9 /* Font+Extention.swift */ = {isa = PBXFileReference; lastKnownFileType = sourcecode.swift; path = "Font+Extention.swift"; sourceTree = "<group>"; };
		4AFECFC32A33846C004880A9 /* en */ = {isa = PBXFileReference; lastKnownFileType = text.plist.strings; name = en; path = en.lproj/Localizable.strings; sourceTree = "<group>"; };
		4AFECFC52A338486004880A9 /* fr */ = {isa = PBXFileReference; lastKnownFileType = text.plist.strings; name = fr; path = fr.lproj/Localizable.strings; sourceTree = "<group>"; };
		4AFECFC62A3384E0004880A9 /* ru */ = {isa = PBXFileReference; lastKnownFileType = text.plist.strings; name = ru; path = ru.lproj/Localizable.strings; sourceTree = "<group>"; };
		4AFECFC82A338B12004880A9 /* SFPro-Regular.otf */ = {isa = PBXFileReference; lastKnownFileType = file; path = "SFPro-Regular.otf"; sourceTree = "<group>"; };
		4AFECFC92A338B12004880A9 /* SFPro-Ultralight.otf */ = {isa = PBXFileReference; lastKnownFileType = file; path = "SFPro-Ultralight.otf"; sourceTree = "<group>"; };
		4AFECFCC2A338B90004880A9 /* Info.plist */ = {isa = PBXFileReference; lastKnownFileType = text.plist; path = Info.plist; sourceTree = "<group>"; };
		4AFECFCD2A33935A004880A9 /* String+Extention.swift */ = {isa = PBXFileReference; lastKnownFileType = sourcecode.swift; path = "String+Extention.swift"; sourceTree = "<group>"; };
		4AFECFD32A346881004880A9 /* MainPeriodModel.swift */ = {isa = PBXFileReference; lastKnownFileType = sourcecode.swift; path = MainPeriodModel.swift; sourceTree = "<group>"; };
		4AFECFD52A347754004880A9 /* MainPeriodsViewModel.swift */ = {isa = PBXFileReference; lastKnownFileType = sourcecode.swift; path = MainPeriodsViewModel.swift; sourceTree = "<group>"; };
		4AFECFDA2A348671004880A9 /* en */ = {isa = PBXFileReference; lastKnownFileType = text.plist.stringsdict; name = en; path = en.lproj/Localizable.stringsdict; sourceTree = "<group>"; };
		4AFECFDC2A348677004880A9 /* fr */ = {isa = PBXFileReference; lastKnownFileType = text.plist.stringsdict; name = fr; path = fr.lproj/Localizable.stringsdict; sourceTree = "<group>"; };
		4AFECFDD2A348678004880A9 /* ru */ = {isa = PBXFileReference; lastKnownFileType = text.plist.stringsdict; name = ru; path = ru.lproj/Localizable.stringsdict; sourceTree = "<group>"; };
/* End PBXFileReference section */

/* Begin PBXFrameworksBuildPhase section */
		4A5FAB932A715B83005ECFFF /* Frameworks */ = {
			isa = PBXFrameworksBuildPhase;
			buildActionMask = 2147483647;
			files = (
			);
			runOnlyForDeploymentPostprocessing = 0;
		};
		4A5FABA02A77D7CB005ECFFF /* Frameworks */ = {
			isa = PBXFrameworksBuildPhase;
			buildActionMask = 2147483647;
			files = (
				4A5FABA82A77D7CB005ECFFF /* SwiftUI.framework in Frameworks */,
				4A5FABA62A77D7CB005ECFFF /* WidgetKit.framework in Frameworks */,
			);
			runOnlyForDeploymentPostprocessing = 0;
		};
		4AFECFA12A3365D7004880A9 /* Frameworks */ = {
			isa = PBXFrameworksBuildPhase;
			buildActionMask = 2147483647;
			files = (
			);
			runOnlyForDeploymentPostprocessing = 0;
		};
/* End PBXFrameworksBuildPhase section */

/* Begin PBXGroup section */
		4A59F39A2A41C0FA00C51F82 /* Settings */ = {
			isa = PBXGroup;
			children = (
				4A59F39B2A41C10D00C51F82 /* SettingsView.swift */,
			);
			path = Settings;
			sourceTree = "<group>";
		};
		4A59F39D2A41EF6E00C51F82 /* NotificationSettings */ = {
			isa = PBXGroup;
			children = (
				4A59F39E2A41EF8700C51F82 /* NotificationSettings.swift */,
				4A59F3A02A42EBE000C51F82 /* NotificationModel.swift */,
				4A59F3A82A444BC000C51F82 /* NotificationSettingsViewModel.swift */,
			);
			path = NotificationSettings;
			sourceTree = "<group>";
		};
		4A59F3A22A431C8C00C51F82 /* GeneralViews */ = {
			isa = PBXGroup;
			children = (
				4A59F3A32A431CAD00C51F82 /* DividerLineView.swift */,
				4A59F3A62A431CCE00C51F82 /* BackgroundView.swift */,
				4A2533D42A61909900CDDE72 /* ButtonBackgroundView.swift */,
				4A5FAB872A61BFBC005ECFFF /* NavigationHeaderView.swift */,
				4A5FABC92A814B14005ECFFF /* DaysView.swift */,
			);
			path = GeneralViews;
			sourceTree = "<group>";
		};
		4A5FAB842A61BA9D005ECFFF /* Donation */ = {
			isa = PBXGroup;
			children = (
				4A5FAB852A61BAF7005ECFFF /* DonationView.swift */,
				4A5FAB8D2A65B9D3005ECFFF /* DonationViewModel.swift */,
			);
			path = Donation;
			sourceTree = "<group>";
		};
		4A5FAB972A715B83005ECFFF /* MyPeriodsTrackerTests */ = {
			isa = PBXGroup;
			children = (
				4A5FAB982A715B83005ECFFF /* MyPeriodsTrackerTests.swift */,
			);
			path = MyPeriodsTrackerTests;
			sourceTree = "<group>";
		};
		4A5FABA42A77D7CB005ECFFF /* Frameworks */ = {
			isa = PBXGroup;
			children = (
				4A5FABA52A77D7CB005ECFFF /* WidgetKit.framework */,
				4A5FABA72A77D7CB005ECFFF /* SwiftUI.framework */,
			);
			name = Frameworks;
			sourceTree = "<group>";
		};
		4A5FABA92A77D7CB005ECFFF /* MyPeriodTrackerWidget */ = {
			isa = PBXGroup;
			children = (
				4A5FABC32A813284005ECFFF /* Views */,
				4A5FABAA2A77D7CB005ECFFF /* MyPeriodTrackerWidgetBundle.swift */,
				4A5FABAC2A77D7CB005ECFFF /* MyPeriodTrackerWidget.swift */,
				4A5FABAE2A77D7CD005ECFFF /* Assets.xcassets */,
				4A5FABB02A77D7CD005ECFFF /* Info.plist */,
			);
			path = MyPeriodTrackerWidget;
			sourceTree = "<group>";
		};
		4A5FABC32A813284005ECFFF /* Views */ = {
			isa = PBXGroup;
			children = (
				4A5FABC42A81329B005ECFFF /* MyPeriodTrackerWidgetMediumView.swift */,
				4A5FABC72A8132C7005ECFFF /* MyPeriodTrackerWidgetSmallView.swift */,
			);
			path = Views;
			sourceTree = "<group>";
		};
		4AFECF9B2A3365D7004880A9 = {
			isa = PBXGroup;
			children = (
				4A5FABD32A819DCF005ECFFF /* MyPeriodTrackerWidgetExtension.entitlements */,
				4AFECFA62A3365D7004880A9 /* MyPeriodsTracker */,
				4A5FAB972A715B83005ECFFF /* MyPeriodsTrackerTests */,
				4A5FABA92A77D7CB005ECFFF /* MyPeriodTrackerWidget */,
				4A5FABA42A77D7CB005ECFFF /* Frameworks */,
				4AFECFA52A3365D7004880A9 /* Products */,
			);
			sourceTree = "<group>";
		};
		4AFECFA52A3365D7004880A9 /* Products */ = {
			isa = PBXGroup;
			children = (
				4AFECFA42A3365D7004880A9 /* MyPeriodsTracker.app */,
				4A5FAB962A715B83005ECFFF /* MyPeriodsTrackerTests.xctest */,
				4A5FABA32A77D7CB005ECFFF /* MyPeriodTrackerWidgetExtension.appex */,
			);
			name = Products;
			sourceTree = "<group>";
		};
		4AFECFA62A3365D7004880A9 /* MyPeriodsTracker */ = {
			isa = PBXGroup;
			children = (
				4A5FABC12A7D21E9005ECFFF /* MyPeriodsTracker.entitlements */,
				4AFECFD22A346859004880A9 /* Services */,
				4AFECFD12A34684B004880A9 /* Main */,
				4AFECFCF2A346819004880A9 /* Screens */,
				4AFECFCC2A338B90004880A9 /* Info.plist */,
				4AFECFBC2A338049004880A9 /* Resaurces */,
				4AFECFB92A3371E7004880A9 /* Extentions */,
				4AFECFAD2A3365D8004880A9 /* Preview Content */,
			);
			path = MyPeriodsTracker;
			sourceTree = "<group>";
		};
		4AFECFAD2A3365D8004880A9 /* Preview Content */ = {
			isa = PBXGroup;
			children = (
				4AFECFAE2A3365D8004880A9 /* Preview Assets.xcassets */,
			);
			path = "Preview Content";
			sourceTree = "<group>";
		};
		4AFECFB92A3371E7004880A9 /* Extentions */ = {
			isa = PBXGroup;
			children = (
				4AFECFB52A336ACD004880A9 /* DateFormatter+Extention.swift */,
				4AFECFBA2A3371FE004880A9 /* Font+Extention.swift */,
				4AFECFCD2A33935A004880A9 /* String+Extention.swift */,
				4A294E1A2A4C7E5F006CF524 /* Date+Extention.swift */,
			);
			path = Extentions;
			sourceTree = "<group>";
		};
		4AFECFBC2A338049004880A9 /* Resaurces */ = {
			isa = PBXGroup;
			children = (
				4AFECFC72A338B01004880A9 /* Fonts */,
				4AFECFBD2A338055004880A9 /* Localizations */,
				4AFECFAB2A3365D8004880A9 /* Assets.xcassets */,
				4A5FAB892A659F22005ECFFF /* Reddy Simple Periods Tracker.storekit */,
				4A5FAB8B2A659FA5005ECFFF /* Test Reddy Store.storekit */,
				4A5FAB8F2A65BBBC005ECFFF /* StoreKitTestCertificate.cer */,
			);
			path = Resaurces;
			sourceTree = "<group>";
		};
		4AFECFBD2A338055004880A9 /* Localizations */ = {
			isa = PBXGroup;
			children = (
				4AFECFC42A33846C004880A9 /* Localizable.strings */,
				4AFECFDB2A348671004880A9 /* Localizable.stringsdict */,
			);
			path = Localizations;
			sourceTree = "<group>";
		};
		4AFECFC72A338B01004880A9 /* Fonts */ = {
			isa = PBXGroup;
			children = (
				4A2533D62A61953B00CDDE72 /* SFPro-Bold.otf */,
				4AFECFC82A338B12004880A9 /* SFPro-Regular.otf */,
				4AFECFC92A338B12004880A9 /* SFPro-Ultralight.otf */,
			);
			path = Fonts;
			sourceTree = "<group>";
		};
		4AFECFCF2A346819004880A9 /* Screens */ = {
			isa = PBXGroup;
			children = (
				4A5FAB842A61BA9D005ECFFF /* Donation */,
				4A59F39D2A41EF6E00C51F82 /* NotificationSettings */,
				4A59F39A2A41C0FA00C51F82 /* Settings */,
				4AFECFD02A34682E004880A9 /* MainPeriod */,
			);
			path = Screens;
			sourceTree = "<group>";
		};
		4AFECFD02A34682E004880A9 /* MainPeriod */ = {
			isa = PBXGroup;
			children = (
				4AFECFA92A3365D7004880A9 /* MainPeriodsView.swift */,
				4AFECFD32A346881004880A9 /* MainPeriodModel.swift */,
				4AFECFD52A347754004880A9 /* MainPeriodsViewModel.swift */,
			);
			path = MainPeriod;
			sourceTree = "<group>";
		};
		4AFECFD12A34684B004880A9 /* Main */ = {
			isa = PBXGroup;
			children = (
				4A59F3A22A431C8C00C51F82 /* GeneralViews */,
				4AFECFA72A3365D7004880A9 /* MyPeriodsTrackerApp.swift */,
			);
			path = Main;
			sourceTree = "<group>";
		};
		4AFECFD22A346859004880A9 /* Services */ = {
			isa = PBXGroup;
			children = (
				4A294E182A4B2886006CF524 /* DateCalculatorService.swift */,
				4A2533D02A53043C00CDDE72 /* Notifications.swift */,
				4A5FABBF2A7C16B5005ECFFF /* UserProfileService.swift */,
			);
			path = Services;
			sourceTree = "<group>";
		};
/* End PBXGroup section */

/* Begin PBXNativeTarget section */
		4A5FAB952A715B83005ECFFF /* MyPeriodsTrackerTests */ = {
			isa = PBXNativeTarget;
			buildConfigurationList = 4A5FAB9C2A715B83005ECFFF /* Build configuration list for PBXNativeTarget "MyPeriodsTrackerTests" */;
			buildPhases = (
				4A5FAB922A715B83005ECFFF /* Sources */,
				4A5FAB932A715B83005ECFFF /* Frameworks */,
				4A5FAB942A715B83005ECFFF /* Resources */,
			);
			buildRules = (
			);
			dependencies = (
				4A5FAB9B2A715B83005ECFFF /* PBXTargetDependency */,
			);
			name = MyPeriodsTrackerTests;
			productName = MyPeriodsTrackerTests;
			productReference = 4A5FAB962A715B83005ECFFF /* MyPeriodsTrackerTests.xctest */;
			productType = "com.apple.product-type.bundle.unit-test";
		};
		4A5FABA22A77D7CB005ECFFF /* MyPeriodTrackerWidgetExtension */ = {
			isa = PBXNativeTarget;
			buildConfigurationList = 4A5FABB42A77D7CD005ECFFF /* Build configuration list for PBXNativeTarget "MyPeriodTrackerWidgetExtension" */;
			buildPhases = (
				4A5FAB9F2A77D7CB005ECFFF /* Sources */,
				4A5FABA02A77D7CB005ECFFF /* Frameworks */,
				4A5FABA12A77D7CB005ECFFF /* Resources */,
			);
			buildRules = (
			);
			dependencies = (
			);
			name = MyPeriodTrackerWidgetExtension;
			productName = MyPeriodTrackerWidgetExtension;
			productReference = 4A5FABA32A77D7CB005ECFFF /* MyPeriodTrackerWidgetExtension.appex */;
			productType = "com.apple.product-type.app-extension";
		};
		4AFECFA32A3365D7004880A9 /* MyPeriodsTracker */ = {
			isa = PBXNativeTarget;
			buildConfigurationList = 4AFECFB22A3365D8004880A9 /* Build configuration list for PBXNativeTarget "MyPeriodsTracker" */;
			buildPhases = (
				4AFECFA02A3365D7004880A9 /* Sources */,
				4AFECFA12A3365D7004880A9 /* Frameworks */,
				4AFECFA22A3365D7004880A9 /* Resources */,
				4A5FABB72A77D7CD005ECFFF /* Embed Foundation Extensions */,
			);
			buildRules = (
			);
			dependencies = (
				4A5FABB22A77D7CD005ECFFF /* PBXTargetDependency */,
			);
			name = MyPeriodsTracker;
			productName = MyPeriodsTracker;
			productReference = 4AFECFA42A3365D7004880A9 /* MyPeriodsTracker.app */;
			productType = "com.apple.product-type.application";
		};
/* End PBXNativeTarget section */

/* Begin PBXProject section */
		4AFECF9C2A3365D7004880A9 /* Project object */ = {
			isa = PBXProject;
			attributes = {
				BuildIndependentTargetsInParallel = 1;
				LastSwiftUpdateCheck = 1430;
				LastUpgradeCheck = 1430;
				TargetAttributes = {
					4A5FAB952A715B83005ECFFF = {
						CreatedOnToolsVersion = 14.3.1;
						TestTargetID = 4AFECFA32A3365D7004880A9;
					};
					4A5FABA22A77D7CB005ECFFF = {
						CreatedOnToolsVersion = 14.3.1;
					};
					4AFECFA32A3365D7004880A9 = {
						CreatedOnToolsVersion = 14.3;
					};
				};
			};
			buildConfigurationList = 4AFECF9F2A3365D7004880A9 /* Build configuration list for PBXProject "MyPeriodsTracker" */;
			compatibilityVersion = "Xcode 14.0";
			developmentRegion = en;
			hasScannedForEncodings = 0;
			knownRegions = (
				en,
				Base,
				fr,
				ru,
			);
			mainGroup = 4AFECF9B2A3365D7004880A9;
			productRefGroup = 4AFECFA52A3365D7004880A9 /* Products */;
			projectDirPath = "";
			projectRoot = "";
			targets = (
				4AFECFA32A3365D7004880A9 /* MyPeriodsTracker */,
				4A5FAB952A715B83005ECFFF /* MyPeriodsTrackerTests */,
				4A5FABA22A77D7CB005ECFFF /* MyPeriodTrackerWidgetExtension */,
			);
		};
/* End PBXProject section */

/* Begin PBXResourcesBuildPhase section */
		4A5FAB942A715B83005ECFFF /* Resources */ = {
			isa = PBXResourcesBuildPhase;
			buildActionMask = 2147483647;
			files = (
			);
			runOnlyForDeploymentPostprocessing = 0;
		};
		4A5FABA12A77D7CB005ECFFF /* Resources */ = {
			isa = PBXResourcesBuildPhase;
			buildActionMask = 2147483647;
			files = (
				4A5FABCF2A8150AE005ECFFF /* Localizable.strings in Resources */,
				4A5FABAF2A77D7CD005ECFFF /* Assets.xcassets in Resources */,
				4A5FABCD2A8150A5005ECFFF /* SFPro-Regular.otf in Resources */,
				4A5FABCE2A8150A8005ECFFF /* SFPro-Ultralight.otf in Resources */,
				4A5FABCC2A8150A2005ECFFF /* SFPro-Bold.otf in Resources */,
				4A5FABD02A8150B1005ECFFF /* Localizable.stringsdict in Resources */,
			);
			runOnlyForDeploymentPostprocessing = 0;
		};
		4AFECFA22A3365D7004880A9 /* Resources */ = {
			isa = PBXResourcesBuildPhase;
			buildActionMask = 2147483647;
			files = (
				4AFECFAF2A3365D8004880A9 /* Preview Assets.xcassets in Resources */,
				4A2533D72A61953B00CDDE72 /* SFPro-Bold.otf in Resources */,
				4AFECFC22A33846C004880A9 /* Localizable.strings in Resources */,
				4AFECFCA2A338B12004880A9 /* SFPro-Regular.otf in Resources */,
				4A5FAB8C2A659FA5005ECFFF /* Test Reddy Store.storekit in Resources */,
				4A5FAB902A65BBBC005ECFFF /* StoreKitTestCertificate.cer in Resources */,
				4A5FAB8A2A659F22005ECFFF /* Reddy Simple Periods Tracker.storekit in Resources */,
				4AFECFAC2A3365D8004880A9 /* Assets.xcassets in Resources */,
				4AFECFCB2A338B12004880A9 /* SFPro-Ultralight.otf in Resources */,
				4AFECFD92A348671004880A9 /* Localizable.stringsdict in Resources */,
			);
			runOnlyForDeploymentPostprocessing = 0;
		};
/* End PBXResourcesBuildPhase section */

/* Begin PBXSourcesBuildPhase section */
		4A5FAB922A715B83005ECFFF /* Sources */ = {
			isa = PBXSourcesBuildPhase;
			buildActionMask = 2147483647;
			files = (
				4A5FAB992A715B83005ECFFF /* MyPeriodsTrackerTests.swift in Sources */,
			);
			runOnlyForDeploymentPostprocessing = 0;
		};
		4A5FAB9F2A77D7CB005ECFFF /* Sources */ = {
			isa = PBXSourcesBuildPhase;
			buildActionMask = 2147483647;
			files = (
				4A5FABAB2A77D7CB005ECFFF /* MyPeriodTrackerWidgetBundle.swift in Sources */,
				4A5FABC62A81329E005ECFFF /* MyPeriodTrackerWidgetMediumView.swift in Sources */,
				4A5FABD22A815DC5005ECFFF /* DividerLineView.swift in Sources */,
				4A5FABD12A81512F005ECFFF /* BackgroundView.swift in Sources */,
				4A5FABBB2A77D828005ECFFF /* String+Extention.swift in Sources */,
				4A5FABBC2A77D82C005ECFFF /* Date+Extention.swift in Sources */,
				4A5FABBD2A77DB6F005ECFFF /* MainPeriodModel.swift in Sources */,
				4A5FABCB2A814B14005ECFFF /* DaysView.swift in Sources */,
				4A5FABAD2A77D7CB005ECFFF /* MyPeriodTrackerWidget.swift in Sources */,
				4A5FABC22A7D3778005ECFFF /* UserProfileService.swift in Sources */,
				4A5FABC82A8132C7005ECFFF /* MyPeriodTrackerWidgetSmallView.swift in Sources */,
				4A5FABBA2A77D824005ECFFF /* Font+Extention.swift in Sources */,
				4A5FABB92A77D820005ECFFF /* DateFormatter+Extention.swift in Sources */,
				4A5FABBE2A77DB74005ECFFF /* DateCalculatorService.swift in Sources */,
			);
			runOnlyForDeploymentPostprocessing = 0;
		};
		4AFECFA02A3365D7004880A9 /* Sources */ = {
			isa = PBXSourcesBuildPhase;
			buildActionMask = 2147483647;
			files = (
				4A294E192A4B2886006CF524 /* DateCalculatorService.swift in Sources */,
				4A5FAB882A61BFBC005ECFFF /* NavigationHeaderView.swift in Sources */,
				4AFECFCE2A33935A004880A9 /* String+Extention.swift in Sources */,
				4AFECFAA2A3365D7004880A9 /* MainPeriodsView.swift in Sources */,
				4A59F3A72A431CCE00C51F82 /* BackgroundView.swift in Sources */,
				4A59F3A42A431CAD00C51F82 /* DividerLineView.swift in Sources */,
				4A294E1B2A4C7E5F006CF524 /* Date+Extention.swift in Sources */,
				4A5FABCA2A814B14005ECFFF /* DaysView.swift in Sources */,
				4A5FAB862A61BAF7005ECFFF /* DonationView.swift in Sources */,
				4A59F39C2A41C10D00C51F82 /* SettingsView.swift in Sources */,
				4AFECFD42A346881004880A9 /* MainPeriodModel.swift in Sources */,
				4AFECFD62A347754004880A9 /* MainPeriodsViewModel.swift in Sources */,
				4A5FABC02A7C16B5005ECFFF /* UserProfileService.swift in Sources */,
				4AFECFA82A3365D7004880A9 /* MyPeriodsTrackerApp.swift in Sources */,
				4AFECFBB2A3371FE004880A9 /* Font+Extention.swift in Sources */,
				4A59F3A92A444BC000C51F82 /* NotificationSettingsViewModel.swift in Sources */,
				4A2533D12A53043C00CDDE72 /* Notifications.swift in Sources */,
				4AFECFB62A336ACD004880A9 /* DateFormatter+Extention.swift in Sources */,
				4A59F3A12A42EBE000C51F82 /* NotificationModel.swift in Sources */,
				4A5FAB8E2A65B9D3005ECFFF /* DonationViewModel.swift in Sources */,
				4A2533D52A61909900CDDE72 /* ButtonBackgroundView.swift in Sources */,
				4A59F39F2A41EF8700C51F82 /* NotificationSettings.swift in Sources */,
			);
			runOnlyForDeploymentPostprocessing = 0;
		};
/* End PBXSourcesBuildPhase section */

/* Begin PBXTargetDependency section */
		4A5FAB9B2A715B83005ECFFF /* PBXTargetDependency */ = {
			isa = PBXTargetDependency;
			target = 4AFECFA32A3365D7004880A9 /* MyPeriodsTracker */;
			targetProxy = 4A5FAB9A2A715B83005ECFFF /* PBXContainerItemProxy */;
		};
		4A5FABB22A77D7CD005ECFFF /* PBXTargetDependency */ = {
			isa = PBXTargetDependency;
			target = 4A5FABA22A77D7CB005ECFFF /* MyPeriodTrackerWidgetExtension */;
			targetProxy = 4A5FABB12A77D7CD005ECFFF /* PBXContainerItemProxy */;
		};
/* End PBXTargetDependency section */

/* Begin PBXVariantGroup section */
		4AFECFC42A33846C004880A9 /* Localizable.strings */ = {
			isa = PBXVariantGroup;
			children = (
				4AFECFC32A33846C004880A9 /* en */,
				4AFECFC52A338486004880A9 /* fr */,
				4AFECFC62A3384E0004880A9 /* ru */,
			);
			name = Localizable.strings;
			sourceTree = "<group>";
			usesTabs = 1;
		};
		4AFECFDB2A348671004880A9 /* Localizable.stringsdict */ = {
			isa = PBXVariantGroup;
			children = (
				4AFECFDA2A348671004880A9 /* en */,
				4AFECFDC2A348677004880A9 /* fr */,
				4AFECFDD2A348678004880A9 /* ru */,
			);
			name = Localizable.stringsdict;
			sourceTree = "<group>";
		};
/* End PBXVariantGroup section */

/* Begin XCBuildConfiguration section */
		4A5FAB9D2A715B83005ECFFF /* Debug */ = {
			isa = XCBuildConfiguration;
			buildSettings = {
				BUNDLE_LOADER = "$(TEST_HOST)";
				CODE_SIGN_STYLE = Automatic;
				CURRENT_PROJECT_VERSION = 1;
				DEVELOPMENT_TEAM = 26L85DSMMD;
				GENERATE_INFOPLIST_FILE = YES;
				IPHONEOS_DEPLOYMENT_TARGET = 16.4;
				MARKETING_VERSION = 0.1.1;
				PRODUCT_BUNDLE_IDENTIFIER = linnitel.MyPeriodsTrackerTests;
				PRODUCT_NAME = "$(TARGET_NAME)";
				SWIFT_EMIT_LOC_STRINGS = NO;
				SWIFT_VERSION = 5.0;
				TARGETED_DEVICE_FAMILY = "1,2";
				TEST_HOST = "$(BUILT_PRODUCTS_DIR)/MyPeriodsTracker.app/$(BUNDLE_EXECUTABLE_FOLDER_PATH)/MyPeriodsTracker";
			};
			name = Debug;
		};
		4A5FAB9E2A715B83005ECFFF /* Release */ = {
			isa = XCBuildConfiguration;
			buildSettings = {
				BUNDLE_LOADER = "$(TEST_HOST)";
				CODE_SIGN_STYLE = Automatic;
				CURRENT_PROJECT_VERSION = 1;
				DEVELOPMENT_TEAM = 26L85DSMMD;
				GENERATE_INFOPLIST_FILE = YES;
				IPHONEOS_DEPLOYMENT_TARGET = 16.4;
				MARKETING_VERSION = 0.1.1;
				PRODUCT_BUNDLE_IDENTIFIER = linnitel.MyPeriodsTrackerTests;
				PRODUCT_NAME = "$(TARGET_NAME)";
				SWIFT_EMIT_LOC_STRINGS = NO;
				SWIFT_VERSION = 5.0;
				TARGETED_DEVICE_FAMILY = "1,2";
				TEST_HOST = "$(BUILT_PRODUCTS_DIR)/MyPeriodsTracker.app/$(BUNDLE_EXECUTABLE_FOLDER_PATH)/MyPeriodsTracker";
			};
			name = Release;
		};
		4A5FABB52A77D7CD005ECFFF /* Debug */ = {
			isa = XCBuildConfiguration;
			buildSettings = {
				ASSETCATALOG_COMPILER_GLOBAL_ACCENT_COLOR_NAME = AccentColor;
				ASSETCATALOG_COMPILER_WIDGET_BACKGROUND_COLOR_NAME = WidgetBackground;
				CODE_SIGN_ENTITLEMENTS = MyPeriodTrackerWidgetExtension.entitlements;
				CODE_SIGN_STYLE = Automatic;
				CURRENT_PROJECT_VERSION = 1;
				DEVELOPMENT_TEAM = 26L85DSMMD;
				GENERATE_INFOPLIST_FILE = YES;
				INFOPLIST_FILE = MyPeriodTrackerWidget/Info.plist;
				INFOPLIST_KEY_CFBundleDisplayName = MyPeriodTrackerWidget;
				INFOPLIST_KEY_NSHumanReadableCopyright = "";
				IPHONEOS_DEPLOYMENT_TARGET = 16.4;
				LD_RUNPATH_SEARCH_PATHS = (
					"$(inherited)",
					"@executable_path/Frameworks",
					"@executable_path/../../Frameworks",
				);
				MARKETING_VERSION = 0.1.1;
				PRODUCT_BUNDLE_IDENTIFIER = linnitel.MyPeriodsTracker.MyPeriodTrackerWidget;
				PRODUCT_NAME = "$(TARGET_NAME)";
				SKIP_INSTALL = YES;
				SWIFT_EMIT_LOC_STRINGS = YES;
				SWIFT_VERSION = 5.0;
				TARGETED_DEVICE_FAMILY = "1,2";
			};
			name = Debug;
		};
		4A5FABB62A77D7CD005ECFFF /* Release */ = {
			isa = XCBuildConfiguration;
			buildSettings = {
				ASSETCATALOG_COMPILER_GLOBAL_ACCENT_COLOR_NAME = AccentColor;
				ASSETCATALOG_COMPILER_WIDGET_BACKGROUND_COLOR_NAME = WidgetBackground;
				CODE_SIGN_ENTITLEMENTS = MyPeriodTrackerWidgetExtension.entitlements;
				CODE_SIGN_STYLE = Automatic;
				CURRENT_PROJECT_VERSION = 1;
				DEVELOPMENT_TEAM = 26L85DSMMD;
				GENERATE_INFOPLIST_FILE = YES;
				INFOPLIST_FILE = MyPeriodTrackerWidget/Info.plist;
				INFOPLIST_KEY_CFBundleDisplayName = MyPeriodTrackerWidget;
				INFOPLIST_KEY_NSHumanReadableCopyright = "";
				IPHONEOS_DEPLOYMENT_TARGET = 16.4;
				LD_RUNPATH_SEARCH_PATHS = (
					"$(inherited)",
					"@executable_path/Frameworks",
					"@executable_path/../../Frameworks",
				);
				MARKETING_VERSION = 0.1.1;
				PRODUCT_BUNDLE_IDENTIFIER = linnitel.MyPeriodsTracker.MyPeriodTrackerWidget;
				PRODUCT_NAME = "$(TARGET_NAME)";
				SKIP_INSTALL = YES;
				SWIFT_EMIT_LOC_STRINGS = YES;
				SWIFT_VERSION = 5.0;
				TARGETED_DEVICE_FAMILY = "1,2";
			};
			name = Release;
		};
		4AFECFB02A3365D8004880A9 /* Debug */ = {
			isa = XCBuildConfiguration;
			buildSettings = {
				ALWAYS_SEARCH_USER_PATHS = NO;
				CLANG_ANALYZER_NONNULL = YES;
				CLANG_ANALYZER_NUMBER_OBJECT_CONVERSION = YES_AGGRESSIVE;
				CLANG_CXX_LANGUAGE_STANDARD = "gnu++20";
				CLANG_ENABLE_MODULES = YES;
				CLANG_ENABLE_OBJC_ARC = YES;
				CLANG_ENABLE_OBJC_WEAK = YES;
				CLANG_WARN_BLOCK_CAPTURE_AUTORELEASING = YES;
				CLANG_WARN_BOOL_CONVERSION = YES;
				CLANG_WARN_COMMA = YES;
				CLANG_WARN_CONSTANT_CONVERSION = YES;
				CLANG_WARN_DEPRECATED_OBJC_IMPLEMENTATIONS = YES;
				CLANG_WARN_DIRECT_OBJC_ISA_USAGE = YES_ERROR;
				CLANG_WARN_DOCUMENTATION_COMMENTS = YES;
				CLANG_WARN_EMPTY_BODY = YES;
				CLANG_WARN_ENUM_CONVERSION = YES;
				CLANG_WARN_INFINITE_RECURSION = YES;
				CLANG_WARN_INT_CONVERSION = YES;
				CLANG_WARN_NON_LITERAL_NULL_CONVERSION = YES;
				CLANG_WARN_OBJC_IMPLICIT_RETAIN_SELF = YES;
				CLANG_WARN_OBJC_LITERAL_CONVERSION = YES;
				CLANG_WARN_OBJC_ROOT_CLASS = YES_ERROR;
				CLANG_WARN_QUOTED_INCLUDE_IN_FRAMEWORK_HEADER = YES;
				CLANG_WARN_RANGE_LOOP_ANALYSIS = YES;
				CLANG_WARN_STRICT_PROTOTYPES = YES;
				CLANG_WARN_SUSPICIOUS_MOVE = YES;
				CLANG_WARN_UNGUARDED_AVAILABILITY = YES_AGGRESSIVE;
				CLANG_WARN_UNREACHABLE_CODE = YES;
				CLANG_WARN__DUPLICATE_METHOD_MATCH = YES;
				COPY_PHASE_STRIP = NO;
				DEBUG_INFORMATION_FORMAT = dwarf;
				ENABLE_STRICT_OBJC_MSGSEND = YES;
				ENABLE_TESTABILITY = YES;
				GCC_C_LANGUAGE_STANDARD = gnu11;
				GCC_DYNAMIC_NO_PIC = NO;
				GCC_NO_COMMON_BLOCKS = YES;
				GCC_OPTIMIZATION_LEVEL = 0;
				GCC_PREPROCESSOR_DEFINITIONS = (
					"DEBUG=1",
					"$(inherited)",
				);
				GCC_WARN_64_TO_32_BIT_CONVERSION = YES;
				GCC_WARN_ABOUT_RETURN_TYPE = YES_ERROR;
				GCC_WARN_UNDECLARED_SELECTOR = YES;
				GCC_WARN_UNINITIALIZED_AUTOS = YES_AGGRESSIVE;
				GCC_WARN_UNUSED_FUNCTION = YES;
				GCC_WARN_UNUSED_VARIABLE = YES;
				IPHONEOS_DEPLOYMENT_TARGET = 16.0;
				MTL_ENABLE_DEBUG_INFO = INCLUDE_SOURCE;
				MTL_FAST_MATH = YES;
				ONLY_ACTIVE_ARCH = YES;
				SDKROOT = iphoneos;
				SWIFT_ACTIVE_COMPILATION_CONDITIONS = DEBUG;
				SWIFT_OPTIMIZATION_LEVEL = "-Onone";
			};
			name = Debug;
		};
		4AFECFB12A3365D8004880A9 /* Release */ = {
			isa = XCBuildConfiguration;
			buildSettings = {
				ALWAYS_SEARCH_USER_PATHS = NO;
				CLANG_ANALYZER_NONNULL = YES;
				CLANG_ANALYZER_NUMBER_OBJECT_CONVERSION = YES_AGGRESSIVE;
				CLANG_CXX_LANGUAGE_STANDARD = "gnu++20";
				CLANG_ENABLE_MODULES = YES;
				CLANG_ENABLE_OBJC_ARC = YES;
				CLANG_ENABLE_OBJC_WEAK = YES;
				CLANG_WARN_BLOCK_CAPTURE_AUTORELEASING = YES;
				CLANG_WARN_BOOL_CONVERSION = YES;
				CLANG_WARN_COMMA = YES;
				CLANG_WARN_CONSTANT_CONVERSION = YES;
				CLANG_WARN_DEPRECATED_OBJC_IMPLEMENTATIONS = YES;
				CLANG_WARN_DIRECT_OBJC_ISA_USAGE = YES_ERROR;
				CLANG_WARN_DOCUMENTATION_COMMENTS = YES;
				CLANG_WARN_EMPTY_BODY = YES;
				CLANG_WARN_ENUM_CONVERSION = YES;
				CLANG_WARN_INFINITE_RECURSION = YES;
				CLANG_WARN_INT_CONVERSION = YES;
				CLANG_WARN_NON_LITERAL_NULL_CONVERSION = YES;
				CLANG_WARN_OBJC_IMPLICIT_RETAIN_SELF = YES;
				CLANG_WARN_OBJC_LITERAL_CONVERSION = YES;
				CLANG_WARN_OBJC_ROOT_CLASS = YES_ERROR;
				CLANG_WARN_QUOTED_INCLUDE_IN_FRAMEWORK_HEADER = YES;
				CLANG_WARN_RANGE_LOOP_ANALYSIS = YES;
				CLANG_WARN_STRICT_PROTOTYPES = YES;
				CLANG_WARN_SUSPICIOUS_MOVE = YES;
				CLANG_WARN_UNGUARDED_AVAILABILITY = YES_AGGRESSIVE;
				CLANG_WARN_UNREACHABLE_CODE = YES;
				CLANG_WARN__DUPLICATE_METHOD_MATCH = YES;
				COPY_PHASE_STRIP = NO;
				DEBUG_INFORMATION_FORMAT = "dwarf-with-dsym";
				ENABLE_NS_ASSERTIONS = NO;
				ENABLE_STRICT_OBJC_MSGSEND = YES;
				GCC_C_LANGUAGE_STANDARD = gnu11;
				GCC_NO_COMMON_BLOCKS = YES;
				GCC_WARN_64_TO_32_BIT_CONVERSION = YES;
				GCC_WARN_ABOUT_RETURN_TYPE = YES_ERROR;
				GCC_WARN_UNDECLARED_SELECTOR = YES;
				GCC_WARN_UNINITIALIZED_AUTOS = YES_AGGRESSIVE;
				GCC_WARN_UNUSED_FUNCTION = YES;
				GCC_WARN_UNUSED_VARIABLE = YES;
				IPHONEOS_DEPLOYMENT_TARGET = 16.0;
				MTL_ENABLE_DEBUG_INFO = NO;
				MTL_FAST_MATH = YES;
				SDKROOT = iphoneos;
				SWIFT_COMPILATION_MODE = wholemodule;
				SWIFT_OPTIMIZATION_LEVEL = "-O";
				VALIDATE_PRODUCT = YES;
			};
			name = Release;
		};
		4AFECFB32A3365D8004880A9 /* Debug */ = {
			isa = XCBuildConfiguration;
			buildSettings = {
				ALWAYS_EMBED_SWIFT_STANDARD_LIBRARIES = YES;
				ASSETCATALOG_COMPILER_APPICON_NAME = AppIcon;
				ASSETCATALOG_COMPILER_GLOBAL_ACCENT_COLOR_NAME = AccentColor;
				CODE_SIGN_ENTITLEMENTS = MyPeriodsTracker/MyPeriodsTracker.entitlements;
				CODE_SIGN_STYLE = Automatic;
				CURRENT_PROJECT_VERSION = 1;
				DEVELOPMENT_ASSET_PATHS = "\"MyPeriodsTracker/Preview Content\"";
				DEVELOPMENT_TEAM = 26L85DSMMD;
				ENABLE_PREVIEWS = YES;
				GENERATE_INFOPLIST_FILE = YES;
				INFOPLIST_FILE = MyPeriodsTracker/Info.plist;
				INFOPLIST_KEY_CFBundleDisplayName = Reddy;
				INFOPLIST_KEY_UIApplicationSceneManifest_Generation = YES;
				INFOPLIST_KEY_UIApplicationSupportsIndirectInputEvents = YES;
				INFOPLIST_KEY_UILaunchScreen_Generation = YES;
				INFOPLIST_KEY_UISupportedInterfaceOrientations_iPad = "UIInterfaceOrientationPortrait UIInterfaceOrientationPortraitUpsideDown";
				INFOPLIST_KEY_UIUserInterfaceStyle = Light;
				LD_RUNPATH_SEARCH_PATHS = (
					"$(inherited)",
					"@executable_path/Frameworks",
				);
				MARKETING_VERSION = 0.1.1;
				PRODUCT_BUNDLE_IDENTIFIER = linnitel.MyPeriodsTracker;
				PRODUCT_NAME = "$(TARGET_NAME)";
				SUPPORTED_PLATFORMS = "iphoneos iphonesimulator";
				SUPPORTS_MACCATALYST = NO;
				SUPPORTS_MAC_DESIGNED_FOR_IPHONE_IPAD = YES;
				SWIFT_EMIT_LOC_STRINGS = YES;
				SWIFT_VERSION = 5.0;
				TARGETED_DEVICE_FAMILY = 1;
			};
			name = Debug;
		};
		4AFECFB42A3365D8004880A9 /* Release */ = {
			isa = XCBuildConfiguration;
			buildSettings = {
				ALWAYS_EMBED_SWIFT_STANDARD_LIBRARIES = YES;
				ASSETCATALOG_COMPILER_APPICON_NAME = AppIcon;
				ASSETCATALOG_COMPILER_GLOBAL_ACCENT_COLOR_NAME = AccentColor;
				CODE_SIGN_ENTITLEMENTS = MyPeriodsTracker/MyPeriodsTracker.entitlements;
				CODE_SIGN_STYLE = Automatic;
				CURRENT_PROJECT_VERSION = 1;
				DEVELOPMENT_ASSET_PATHS = "\"MyPeriodsTracker/Preview Content\"";
				DEVELOPMENT_TEAM = 26L85DSMMD;
				ENABLE_PREVIEWS = YES;
				GENERATE_INFOPLIST_FILE = YES;
				INFOPLIST_FILE = MyPeriodsTracker/Info.plist;
				INFOPLIST_KEY_CFBundleDisplayName = Reddy;
				INFOPLIST_KEY_UIApplicationSceneManifest_Generation = YES;
				INFOPLIST_KEY_UIApplicationSupportsIndirectInputEvents = YES;
				INFOPLIST_KEY_UILaunchScreen_Generation = YES;
				INFOPLIST_KEY_UISupportedInterfaceOrientations_iPad = "UIInterfaceOrientationPortrait UIInterfaceOrientationPortraitUpsideDown";
				INFOPLIST_KEY_UIUserInterfaceStyle = Light;
				LD_RUNPATH_SEARCH_PATHS = (
					"$(inherited)",
					"@executable_path/Frameworks",
				);
				MARKETING_VERSION = 0.1.1;
				PRODUCT_BUNDLE_IDENTIFIER = linnitel.MyPeriodsTracker;
				PRODUCT_NAME = "$(TARGET_NAME)";
				SUPPORTED_PLATFORMS = "iphoneos iphonesimulator";
				SUPPORTS_MACCATALYST = NO;
				SUPPORTS_MAC_DESIGNED_FOR_IPHONE_IPAD = YES;
				SWIFT_EMIT_LOC_STRINGS = YES;
				SWIFT_VERSION = 5.0;
				TARGETED_DEVICE_FAMILY = 1;
			};
			name = Release;
		};
/* End XCBuildConfiguration section */

/* Begin XCConfigurationList section */
		4A5FAB9C2A715B83005ECFFF /* Build configuration list for PBXNativeTarget "MyPeriodsTrackerTests" */ = {
			isa = XCConfigurationList;
			buildConfigurations = (
				4A5FAB9D2A715B83005ECFFF /* Debug */,
				4A5FAB9E2A715B83005ECFFF /* Release */,
			);
			defaultConfigurationIsVisible = 0;
			defaultConfigurationName = Release;
		};
		4A5FABB42A77D7CD005ECFFF /* Build configuration list for PBXNativeTarget "MyPeriodTrackerWidgetExtension" */ = {
			isa = XCConfigurationList;
			buildConfigurations = (
				4A5FABB52A77D7CD005ECFFF /* Debug */,
				4A5FABB62A77D7CD005ECFFF /* Release */,
			);
			defaultConfigurationIsVisible = 0;
			defaultConfigurationName = Release;
		};
		4AFECF9F2A3365D7004880A9 /* Build configuration list for PBXProject "MyPeriodsTracker" */ = {
			isa = XCConfigurationList;
			buildConfigurations = (
				4AFECFB02A3365D8004880A9 /* Debug */,
				4AFECFB12A3365D8004880A9 /* Release */,
			);
			defaultConfigurationIsVisible = 0;
			defaultConfigurationName = Release;
		};
		4AFECFB22A3365D8004880A9 /* Build configuration list for PBXNativeTarget "MyPeriodsTracker" */ = {
			isa = XCConfigurationList;
			buildConfigurations = (
				4AFECFB32A3365D8004880A9 /* Debug */,
				4AFECFB42A3365D8004880A9 /* Release */,
			);
			defaultConfigurationIsVisible = 0;
			defaultConfigurationName = Release;
		};
/* End XCConfigurationList section */
	};
	rootObject = 4AFECF9C2A3365D7004880A9 /* Project object */;
}
